
Microsoft Visual Studio Solution File, Format Version 12.00
# Visual Studio Version 16
VisualStudioVersion = 16.0.32929.386
MinimumVisualStudioVersion = 10.0.40219.1
Project("{2150E333-8FDC-42A3-9474-1A3956D46DE8}") = "ApiCore", "ApiCore", "{8C75939E-3C4A-419E-BF4A-D84F55C45066}"
EndProject
Project("{2150E333-8FDC-42A3-9474-1A3956D46DE8}") = "Api", "Api", "{8478EF9A-3677-4719-975D-1C7787E9B7AF}"
EndProject
Project("{9A19103F-16F7-4668-BE54-9A1E7A4F7556}") = "Entities", "ApiCore\Entities\Entities.csproj", "{B6D11CA6-2154-46BA-856C-59500C4E9352}"
EndProject
Project("{9A19103F-16F7-4668-BE54-9A1E7A4F7556}") = "DataAccess", "ApiCore\DataAccess\DataAccess.csproj", "{AA1A2643-030D-4A16-AC57-219D877E7785}"
EndProject
Project("{9A19103F-16F7-4668-BE54-9A1E7A4F7556}") = "WebAPI", "Api\WebAPI\WebAPI.csproj", "{EF916BE5-EA55-4868-9C41-4B139001AF42}"
EndProject
Project("{9A19103F-16F7-4668-BE54-9A1E7A4F7556}") = "Core", "ApiCore\Core\Core.csproj", "{A24677FB-3284-4481-91A4-9C9C904157D0}"
EndProject
Project("{FAE04EC0-301F-11D3-BF4B-00C04F79EFBC}") = "Services", "ApiCore\Services\Services.csproj", "{89A20686-9851-4699-A195-8412C353738C}"
EndProject
Global
	GlobalSection(SolutionConfigurationPlatforms) = preSolution
		Debug|Any CPU = Debug|Any CPU
		Release|Any CPU = Release|Any CPU
	EndGlobalSection
	GlobalSection(ProjectConfigurationPlatforms) = postSolution
		{B6D11CA6-2154-46BA-856C-59500C4E9352}.Debug|Any CPU.ActiveCfg = Debug|Any CPU
		{B6D11CA6-2154-46BA-856C-59500C4E9352}.Debug|Any CPU.Build.0 = Debug|Any CPU
		{B6D11CA6-2154-46BA-856C-59500C4E9352}.Release|Any CPU.ActiveCfg = Release|Any CPU
		{B6D11CA6-2154-46BA-856C-59500C4E9352}.Release|Any CPU.Build.0 = Release|Any CPU
		{AA1A2643-030D-4A16-AC57-219D877E7785}.Debug|Any CPU.ActiveCfg = Debug|Any CPU
		{AA1A2643-030D-4A16-AC57-219D877E7785}.Debug|Any CPU.Build.0 = Debug|Any CPU
		{AA1A2643-030D-4A16-AC57-219D877E7785}.Release|Any CPU.ActiveCfg = Release|Any CPU
		{AA1A2643-030D-4A16-AC57-219D877E7785}.Release|Any CPU.Build.0 = Release|Any CPU
		{EF916BE5-EA55-4868-9C41-4B139001AF42}.Debug|Any CPU.ActiveCfg = Debug|Any CPU
		{EF916BE5-EA55-4868-9C41-4B139001AF42}.Debug|Any CPU.Build.0 = Debug|Any CPU
		{EF916BE5-EA55-4868-9C41-4B139001AF42}.Release|Any CPU.ActiveCfg = Release|Any CPU
		{EF916BE5-EA55-4868-9C41-4B139001AF42}.Release|Any CPU.Build.0 = Release|Any CPU
		{A24677FB-3284-4481-91A4-9C9C904157D0}.Debug|Any CPU.ActiveCfg = Debug|Any CPU
		{A24677FB-3284-4481-91A4-9C9C904157D0}.Debug|Any CPU.Build.0 = Debug|Any CPU
		{A24677FB-3284-4481-91A4-9C9C904157D0}.Release|Any CPU.ActiveCfg = Release|Any CPU
		{A24677FB-3284-4481-91A4-9C9C904157D0}.Release|Any CPU.Build.0 = Release|Any CPU
		{89A20686-9851-4699-A195-8412C353738C}.Debug|Any CPU.ActiveCfg = Debug|Any CPU
		{89A20686-9851-4699-A195-8412C353738C}.Debug|Any CPU.Build.0 = Debug|Any CPU
		{89A20686-9851-4699-A195-8412C353738C}.Release|Any CPU.ActiveCfg = Release|Any CPU
		{89A20686-9851-4699-A195-8412C353738C}.Release|Any CPU.Build.0 = Release|Any CPU
	EndGlobalSection
	GlobalSection(SolutionProperties) = preSolution
		HideSolutionNode = FALSE
	EndGlobalSection
	GlobalSection(NestedProjects) = preSolution
		{B6D11CA6-2154-46BA-856C-59500C4E9352} = {8C75939E-3C4A-419E-BF4A-D84F55C45066}
		{AA1A2643-030D-4A16-AC57-219D877E7785} = {8C75939E-3C4A-419E-BF4A-D84F55C45066}
		{EF916BE5-EA55-4868-9C41-4B139001AF42} = {8478EF9A-3677-4719-975D-1C7787E9B7AF}
		{A24677FB-3284-4481-91A4-9C9C904157D0} = {8C75939E-3C4A-419E-BF4A-D84F55C45066}
		{89A20686-9851-4699-A195-8412C353738C} = {8C75939E-3C4A-419E-BF4A-D84F55C45066}
	EndGlobalSection
	GlobalSection(ExtensibilityGlobals) = postSolution
		SolutionGuid = {98265976-F40F-4347-8F44-4BE288F2527C}
	EndGlobalSection
EndGlobal
